// !$*UTF8*$!
{
	archiveVersion = 1;
	classes = {
	};
	objectVersion = 50;
	objects = {

/* Begin PBXBuildFile section */
		3562624922AF9BD60083B53B /* AppDelegate.m in Sources */ = {isa = PBXBuildFile; fileRef = 3562624822AF9BD60083B53B /* AppDelegate.m */; };
		3562624C22AF9BD60083B53B /* SceneDelegate.m in Sources */ = {isa = PBXBuildFile; fileRef = 3562624B22AF9BD60083B53B /* SceneDelegate.m */; };
		3562624F22AF9BD60083B53B /* ViewController.m in Sources */ = {isa = PBXBuildFile; fileRef = 3562624E22AF9BD60083B53B /* ViewController.m */; };
		3562625222AF9BD60083B53B /* Main.storyboard in Resources */ = {isa = PBXBuildFile; fileRef = 3562625022AF9BD60083B53B /* Main.storyboard */; };
		3562625422AF9BD70083B53B /* Assets.xcassets in Resources */ = {isa = PBXBuildFile; fileRef = 3562625322AF9BD70083B53B /* Assets.xcassets */; };
		3562625722AF9BD70083B53B /* LaunchScreen.storyboard in Resources */ = {isa = PBXBuildFile; fileRef = 3562625522AF9BD70083B53B /* LaunchScreen.storyboard */; };
		3562625A22AF9BD70083B53B /* main.m in Sources */ = {isa = PBXBuildFile; fileRef = 3562625922AF9BD70083B53B /* main.m */; };
		3562626222AF9C510083B53B /* LFPickerView.m in Sources */ = {isa = PBXBuildFile; fileRef = 3562626122AF9C510083B53B /* LFPickerView.m */; };
		3562626622AFA6F60083B53B /* LFPickerViewCell.m in Sources */ = {isa = PBXBuildFile; fileRef = 3562626522AFA6F60083B53B /* LFPickerViewCell.m */; };
/* End PBXBuildFile section */

/* Begin PBXFileReference section */
		3562624422AF9BD60083B53B /* LFPickerViewDemo.app */ = {isa = PBXFileReference; explicitFileType = wrapper.application; includeInIndex = 0; path = LFPickerViewDemo.app; sourceTree = BUILT_PRODUCTS_DIR; };
		3562624722AF9BD60083B53B /* AppDelegate.h */ = {isa = PBXFileReference; lastKnownFileType = sourcecode.c.h; path = AppDelegate.h; sourceTree = "<group>"; };
		3562624822AF9BD60083B53B /* AppDelegate.m */ = {isa = PBXFileReference; lastKnownFileType = sourcecode.c.objc; path = AppDelegate.m; sourceTree = "<group>"; };
		3562624A22AF9BD60083B53B /* SceneDelegate.h */ = {isa = PBXFileReference; lastKnownFileType = sourcecode.c.h; path = SceneDelegate.h; sourceTree = "<group>"; };
		3562624B22AF9BD60083B53B /* SceneDelegate.m */ = {isa = PBXFileReference; lastKnownFileType = sourcecode.c.objc; path = SceneDelegate.m; sourceTree = "<group>"; };
		3562624D22AF9BD60083B53B /* ViewController.h */ = {isa = PBXFileReference; lastKnownFileType = sourcecode.c.h; path = ViewController.h; sourceTree = "<group>"; };
		3562624E22AF9BD60083B53B /* ViewController.m */ = {isa = PBXFileReference; lastKnownFileType = sourcecode.c.objc; path = ViewController.m; sourceTree = "<group>"; };
		3562625122AF9BD60083B53B /* Base */ = {isa = PBXFileReference; lastKnownFileType = file.storyboard; name = Base; path = Base.lproj/Main.storyboard; sourceTree = "<group>"; };
		3562625322AF9BD70083B53B /* Assets.xcassets */ = {isa = PBXFileReference; lastKnownFileType = folder.assetcatalog; path = Assets.xcassets; sourceTree = "<group>"; };
		3562625622AF9BD70083B53B /* Base */ = {isa = PBXFileReference; lastKnownFileType = file.storyboard; name = Base; path = Base.lproj/LaunchScreen.storyboard; sourceTree = "<group>"; };
		3562625822AF9BD70083B53B /* Info.plist */ = {isa = PBXFileReference; lastKnownFileType = text.plist.xml; path = Info.plist; sourceTree = "<group>"; };
		3562625922AF9BD70083B53B /* main.m */ = {isa = PBXFileReference; lastKnownFileType = sourcecode.c.objc; path = main.m; sourceTree = "<group>"; };
		3562626022AF9C510083B53B /* LFPickerView.h */ = {isa = PBXFileReference; lastKnownFileType = sourcecode.c.h; path = LFPickerView.h; sourceTree = "<group>"; };
		3562626122AF9C510083B53B /* LFPickerView.m */ = {isa = PBXFileReference; lastKnownFileType = sourcecode.c.objc; path = LFPickerView.m; sourceTree = "<group>"; };
		3562626422AFA6F60083B53B /* LFPickerViewCell.h */ = {isa = PBXFileReference; lastKnownFileType = sourcecode.c.h; path = LFPickerViewCell.h; sourceTree = "<group>"; };
		3562626522AFA6F60083B53B /* LFPickerViewCell.m */ = {isa = PBXFileReference; lastKnownFileType = sourcecode.c.objc; path = LFPickerViewCell.m; sourceTree = "<group>"; };
/* End PBXFileReference section */

/* Begin PBXFrameworksBuildPhase section */
		3562624122AF9BD60083B53B /* Frameworks */ = {
			isa = PBXFrameworksBuildPhase;
			buildActionMask = 2147483647;
			files = (
			);
			runOnlyForDeploymentPostprocessing = 0;
		};
/* End PBXFrameworksBuildPhase section */

/* Begin PBXGroup section */
		3562623B22AF9BD60083B53B = {
			isa = PBXGroup;
			children = (
				3562624622AF9BD60083B53B /* LFPickerViewDemo */,
				3562624522AF9BD60083B53B /* Products */,
			);
			sourceTree = "<group>";
		};
		3562624522AF9BD60083B53B /* Products */ = {
			isa = PBXGroup;
			children = (
				3562624422AF9BD60083B53B /* LFPickerViewDemo.app */,
			);
			name = Products;
			sourceTree = "<group>";
		};
		3562624622AF9BD60083B53B /* LFPickerViewDemo */ = {
			isa = PBXGroup;
			children = (
				3562624722AF9BD60083B53B /* AppDelegate.h */,
				3562624822AF9BD60083B53B /* AppDelegate.m */,
				3562624A22AF9BD60083B53B /* SceneDelegate.h */,
				3562624B22AF9BD60083B53B /* SceneDelegate.m */,
				3562624D22AF9BD60083B53B /* ViewController.h */,
				3562624E22AF9BD60083B53B /* ViewController.m */,
				3562626322AF9C590083B53B /* LFPickerView */,
				3562625022AF9BD60083B53B /* Main.storyboard */,
				3562625322AF9BD70083B53B /* Assets.xcassets */,
				3562625522AF9BD70083B53B /* LaunchScreen.storyboard */,
				3562625822AF9BD70083B53B /* Info.plist */,
				3562625922AF9BD70083B53B /* main.m */,
			);
			path = LFPickerViewDemo;
			sourceTree = "<group>";
		};
		3562626322AF9C590083B53B /* LFPickerView */ = {
			isa = PBXGroup;
			children = (
				3562626022AF9C510083B53B /* LFPickerView.h */,
				3562626122AF9C510083B53B /* LFPickerView.m */,
				3562626422AFA6F60083B53B /* LFPickerViewCell.h */,
				3562626522AFA6F60083B53B /* LFPickerViewCell.m */,
			);
			path = LFPickerView;
			sourceTree = "<group>";
		};
/* End PBXGroup section */

/* Begin PBXNativeTarget section */
		3562624322AF9BD60083B53B /* LFPickerViewDemo */ = {
			isa = PBXNativeTarget;
			buildConfigurationList = 3562625D22AF9BD70083B53B /* Build configuration list for PBXNativeTarget "LFPickerViewDemo" */;
			buildPhases = (
				3562624022AF9BD60083B53B /* Sources */,
				3562624122AF9BD60083B53B /* Frameworks */,
				3562624222AF9BD60083B53B /* Resources */,
			);
			buildRules = (
			);
			dependencies = (
			);
			name = LFPickerViewDemo;
			productName = LFPickerViewDemo;
			productReference = 3562624422AF9BD60083B53B /* LFPickerViewDemo.app */;
			productType = "com.apple.product-type.application";
		};
/* End PBXNativeTarget section */

/* Begin PBXProject section */
		3562623C22AF9BD60083B53B /* Project object */ = {
			isa = PBXProject;
			attributes = {
				LastUpgradeCheck = 1100;
				ORGANIZATIONNAME = LeonDeng;
				TargetAttributes = {
					3562624322AF9BD60083B53B = {
						CreatedOnToolsVersion = 11.0;
					};
				};
			};
			buildConfigurationList = 3562623F22AF9BD60083B53B /* Build configuration list for PBXProject "LFPickerViewDemo" */;
			compatibilityVersion = "Xcode 9.3";
			developmentRegion = en;
			hasScannedForEncodings = 0;
			knownRegions = (
				en,
				Base,
			);
			mainGroup = 3562623B22AF9BD60083B53B;
			productRefGroup = 3562624522AF9BD60083B53B /* Products */;
			projectDirPath = "";
			projectRoot = "";
			targets = (
				3562624322AF9BD60083B53B /* LFPickerViewDemo */,
			);
		};
/* End PBXProject section */

/* Begin PBXResourcesBuildPhase section */
		3562624222AF9BD60083B53B /* Resources */ = {
			isa = PBXResourcesBuildPhase;
			buildActionMask = 2147483647;
			files = (
				3562625722AF9BD70083B53B /* LaunchScreen.storyboard in Resources */,
				3562625422AF9BD70083B53B /* Assets.xcassets in Resources */,
				3562625222AF9BD60083B53B /* Main.storyboard in Resources */,
			);
			runOnlyForDeploymentPostprocessing = 0;
		};
/* End PBXResourcesBuildPhase section */

/* Begin PBXSourcesBuildPhase section */
		3562624022AF9BD60083B53B /* Sources */ = {
			isa = PBXSourcesBuildPhase;
			buildActionMask = 2147483647;
			files = (
				3562624F22AF9BD60083B53B /* ViewController.m in Sources */,
				3562626222AF9C510083B53B /* LFPickerView.m in Sources */,
				3562626622AFA6F60083B53B /* LFPickerViewCell.m in Sources */,
				3562624922AF9BD60083B53B /* AppDelegate.m in Sources */,
				3562625A22AF9BD70083B53B /* main.m in Sources */,
				3562624C22AF9BD60083B53B /* SceneDelegate.m in Sources */,
			);
			runOnlyForDeploymentPostprocessing = 0;
		};
/* End PBXSourcesBuildPhase section */

/* Begin PBXVariantGroup section */
		3562625022AF9BD60083B53B /* Main.storyboard */ = {
			isa = PBXVariantGroup;
			children = (
				3562625122AF9BD60083B53B /* Base */,
			);
			name = Main.storyboard;
			sourceTree = "<group>";
		};
		3562625522AF9BD70083B53B /* LaunchScreen.storyboard */ = {
			isa = PBXVariantGroup;
			children = (
				3562625622AF9BD70083B53B /* Base */,
			);
			name = LaunchScreen.storyboard;
			sourceTree = "<group>";
		};
/* End PBXVariantGroup section */

/* Begin XCBuildConfiguration section */
		3562625B22AF9BD70083B53B /* Debug */ = {
			isa = XCBuildConfiguration;
			buildSettings = {
				ALWAYS_SEARCH_USER_PATHS = NO;
				CLANG_ANALYZER_NONNULL = YES;
				CLANG_ANALYZER_NUMBER_OBJECT_CONVERSION = YES_AGGRESSIVE;
				CLANG_CXX_LANGUAGE_STANDARD = "gnu++14";
				CLANG_CXX_LIBRARY = "libc++";
				CLANG_ENABLE_MODULES = YES;
				CLANG_ENABLE_OBJC_ARC = YES;
				CLANG_ENABLE_OBJC_WEAK = YES;
				CLANG_WARN_BLOCK_CAPTURE_AUTORELEASING = YES;
				CLANG_WARN_BOOL_CONVERSION = YES;
				CLANG_WARN_COMMA = YES;
				CLANG_WARN_CONSTANT_CONVERSION = YES;
				CLANG_WARN_DEPRECATED_OBJC_IMPLEMENTATIONS = YES;
				CLANG_WARN_DIRECT_OBJC_ISA_USAGE = YES_ERROR;
				CLANG_WARN_DOCUMENTATION_COMMENTS = YES;
				CLANG_WARN_EMPTY_BODY = YES;
				CLANG_WARN_ENUM_CONVERSION = YES;
				CLANG_WARN_INFINITE_RECURSION = YES;
				CLANG_WARN_INT_CONVERSION = YES;
				CLANG_WARN_NON_LITERAL_NULL_CONVERSION = YES;
				CLANG_WARN_OBJC_IMPLICIT_RETAIN_SELF = YES;
				CLANG_WARN_OBJC_LITERAL_CONVERSION = YES;
				CLANG_WARN_OBJC_ROOT_CLASS = YES_ERROR;
				CLANG_WARN_RANGE_LOOP_ANALYSIS = YES;
				CLANG_WARN_STRICT_PROTOTYPES = YES;
				CLANG_WARN_SUSPICIOUS_MOVE = YES;
				CLANG_WARN_UNGUARDED_AVAILABILITY = YES_AGGRESSIVE;
				CLANG_WARN_UNREACHABLE_CODE = YES;
				CLANG_WARN__DUPLICATE_METHOD_MATCH = YES;
				COPY_PHASE_STRIP = NO;
				DEBUG_INFORMATION_FORMAT = dwarf;
				ENABLE_STRICT_OBJC_MSGSEND = YES;
				ENABLE_TESTABILITY = YES;
				GCC_C_LANGUAGE_STANDARD = gnu11;
				GCC_DYNAMIC_NO_PIC = NO;
				GCC_NO_COMMON_BLOCKS = YES;
				GCC_OPTIMIZATION_LEVEL = 0;
				GCC_PREPROCESSOR_DEFINITIONS = (
					"DEBUG=1",
					"$(inherited)",
				);
				GCC_WARN_64_TO_32_BIT_CONVERSION = YES;
				GCC_WARN_ABOUT_RETURN_TYPE = YES_ERROR;
				GCC_WARN_UNDECLARED_SELECTOR = YES;
				GCC_WARN_UNINITIALIZED_AUTOS = YES_AGGRESSIVE;
				GCC_WARN_UNUSED_FUNCTION = YES;
				GCC_WARN_UNUSED_VARIABLE = YES;
				IPHONEOS_DEPLOYMENT_TARGET = 13.0;
				MTL_ENABLE_DEBUG_INFO = INCLUDE_SOURCE;
				MTL_FAST_MATH = YES;
				ONLY_ACTIVE_ARCH = YES;
				SDKROOT = iphoneos;
			};
			name = Debug;
		};
		3562625C22AF9BD70083B53B /* Release */ = {
			isa = XCBuildConfiguration;
			buildSettings = {
				ALWAYS_SEARCH_USER_PATHS = NO;
				CLANG_ANALYZER_NONNULL = YES;
				CLANG_ANALYZER_NUMBER_OBJECT_CONVERSION = YES_AGGRESSIVE;
				CLANG_CXX_LANGUAGE_STANDARD = "gnu++14";
				CLANG_CXX_LIBRARY = "libc++";
				CLANG_ENABLE_MODULES = YES;
				CLANG_ENABLE_OBJC_ARC = YES;
				CLANG_ENABLE_OBJC_WEAK = YES;
				CLANG_WARN_BLOCK_CAPTURE_AUTORELEASING = YES;
				CLANG_WARN_BOOL_CONVERSION = YES;
				CLANG_WARN_COMMA = YES;
				CLANG_WARN_CONSTANT_CONVERSION = YES;
				CLANG_WARN_DEPRECATED_OBJC_IMPLEMENTATIONS = YES;
				CLANG_WARN_DIRECT_OBJC_ISA_USAGE = YES_ERROR;
				CLANG_WARN_DOCUMENTATION_COMMENTS = YES;
				CLANG_WARN_EMPTY_BODY = YES;
				CLANG_WARN_ENUM_CONVERSION = YES;
				CLANG_WARN_INFINITE_RECURSION = YES;
				CLANG_WARN_INT_CONVERSION = YES;
				CLANG_WARN_NON_LITERAL_NULL_CONVERSION = YES;
				CLANG_WARN_OBJC_IMPLICIT_RETAIN_SELF = YES;
				CLANG_WARN_OBJC_LITERAL_CONVERSION = YES;
				CLANG_WARN_OBJC_ROOT_CLASS = YES_ERROR;
				CLANG_WARN_RANGE_LOOP_ANALYSIS = YES;
				CLANG_WARN_STRICT_PROTOTYPES = YES;
				CLANG_WARN_SUSPICIOUS_MOVE = YES;
				CLANG_WARN_UNGUARDED_AVAILABILITY = YES_AGGRESSIVE;
				CLANG_WARN_UNREACHABLE_CODE = YES;
				CLANG_WARN__DUPLICATE_METHOD_MATCH = YES;
				COPY_PHASE_STRIP = NO;
				DEBUG_INFORMATION_FORMAT = "dwarf-with-dsym";
				ENABLE_NS_ASSERTIONS = NO;
				ENABLE_STRICT_OBJC_MSGSEND = YES;
				GCC_C_LANGUAGE_STANDARD = gnu11;
				GCC_NO_COMMON_BLOCKS = YES;
				GCC_WARN_64_TO_32_BIT_CONVERSION = YES;
				GCC_WARN_ABOUT_RETURN_TYPE = YES_ERROR;
				GCC_WARN_UNDECLARED_SELECTOR = YES;
				GCC_WARN_UNINITIALIZED_AUTOS = YES_AGGRESSIVE;
				GCC_WARN_UNUSED_FUNCTION = YES;
				GCC_WARN_UNUSED_VARIABLE = YES;
				IPHONEOS_DEPLOYMENT_TARGET = 13.0;
				MTL_ENABLE_DEBUG_INFO = NO;
				MTL_FAST_MATH = YES;
				SDKROOT = iphoneos;
				VALIDATE_PRODUCT = YES;
			};
			name = Release;
		};
		3562625E22AF9BD70083B53B /* Debug */ = {
			isa = XCBuildConfiguration;
			buildSettings = {
				ASSETCATALOG_COMPILER_APPICON_NAME = AppIcon;
				CODE_SIGN_STYLE = Automatic;
				DEVELOPMENT_TEAM = VSH7W5Y66V;
				INFOPLIST_FILE = LFPickerViewDemo/Info.plist;
				LD_RUNPATH_SEARCH_PATHS = (
					"$(inherited)",
					"@executable_path/Frameworks",
				);
				PRODUCT_BUNDLE_IDENTIFIER = GitHubDemo.LFPickerViewDemo;
				PRODUCT_NAME = "$(TARGET_NAME)";
				TARGETED_DEVICE_FAMILY = "1,2";
			};
			name = Debug;
		};
		3562625F22AF9BD70083B53B /* Release */ = {
			isa = XCBuildConfiguration;
			buildSettings = {
				ASSETCATALOG_COMPILER_APPICON_NAME = AppIcon;
				CODE_SIGN_STYLE = Automatic;
				DEVELOPMENT_TEAM = VSH7W5Y66V;
				INFOPLIST_FILE = LFPickerViewDemo/Info.plist;
				LD_RUNPATH_SEARCH_PATHS = (
					"$(inherited)",
					"@executable_path/Frameworks",
				);
				PRODUCT_BUNDLE_IDENTIFIER = GitHubDemo.LFPickerViewDemo;
				PRODUCT_NAME = "$(TARGET_NAME)";
				TARGETED_DEVICE_FAMILY = "1,2";
			};
			name = Release;
		};
/* End XCBuildConfiguration section */

/* Begin XCConfigurationList section */
		3562623F22AF9BD60083B53B /* Build configuration list for PBXProject "LFPickerViewDemo" */ = {
			isa = XCConfigurationList;
			buildConfigurations = (
				3562625B22AF9BD70083B53B /* Debug */,
				3562625C22AF9BD70083B53B /* Release */,
			);
			defaultConfigurationIsVisible = 0;
			defaultConfigurationName = Release;
		};
		3562625D22AF9BD70083B53B /* Build configuration list for PBXNativeTarget "LFPickerViewDemo" */ = {
			isa = XCConfigurationList;
			buildConfigurations = (
				3562625E22AF9BD70083B53B /* Debug */,
				3562625F22AF9BD70083B53B /* Release */,
			);
			defaultConfigurationIsVisible = 0;
			defaultConfigurationName = Release;
		};
/* End XCConfigurationList section */
	};
	rootObject = 3562623C22AF9BD60083B53B /* Project object */;
}
