// !$*UTF8*$!
{
	archiveVersion = 1;
	classes = {
	};
	objectVersion = 50;
	objects = {

/* Begin PBXBuildFile section */
		B450374A22BF69DD008A5C90 /* AppDelegate.m in Sources */ = {isa = PBXBuildFile; fileRef = B450374922BF69DD008A5C90 /* AppDelegate.m */; };
		B450374D22BF69DD008A5C90 /* ViewController.m in Sources */ = {isa = PBXBuildFile; fileRef = B450374C22BF69DD008A5C90 /* ViewController.m */; };
		B450375022BF69DD008A5C90 /* Main.storyboard in Resources */ = {isa = PBXBuildFile; fileRef = B450374E22BF69DD008A5C90 /* Main.storyboard */; };
		B450375222BF69DF008A5C90 /* Assets.xcassets in Resources */ = {isa = PBXBuildFile; fileRef = B450375122BF69DF008A5C90 /* Assets.xcassets */; };
		B450375522BF69DF008A5C90 /* LaunchScreen.storyboard in Resources */ = {isa = PBXBuildFile; fileRef = B450375322BF69DF008A5C90 /* LaunchScreen.storyboard */; };
		B450375822BF69DF008A5C90 /* main.m in Sources */ = {isa = PBXBuildFile; fileRef = B450375722BF69DF008A5C90 /* main.m */; };
		B450376F22BFB6FA008A5C90 /* LFPickerView.m in Sources */ = {isa = PBXBuildFile; fileRef = B450376C22BFB6FA008A5C90 /* LFPickerView.m */; };
		B450377022BFB6FA008A5C90 /* LFPickerViewCell.m in Sources */ = {isa = PBXBuildFile; fileRef = B450376E22BFB6FA008A5C90 /* LFPickerViewCell.m */; };
/* End PBXBuildFile section */

/* Begin PBXFileReference section */
		B450374522BF69DD008A5C90 /* PickerViewDemo.app */ = {isa = PBXFileReference; explicitFileType = wrapper.application; includeInIndex = 0; path = PickerViewDemo.app; sourceTree = BUILT_PRODUCTS_DIR; };
		B450374822BF69DD008A5C90 /* AppDelegate.h */ = {isa = PBXFileReference; lastKnownFileType = sourcecode.c.h; path = AppDelegate.h; sourceTree = "<group>"; };
		B450374922BF69DD008A5C90 /* AppDelegate.m */ = {isa = PBXFileReference; lastKnownFileType = sourcecode.c.objc; path = AppDelegate.m; sourceTree = "<group>"; };
		B450374B22BF69DD008A5C90 /* ViewController.h */ = {isa = PBXFileReference; lastKnownFileType = sourcecode.c.h; path = ViewController.h; sourceTree = "<group>"; };
		B450374C22BF69DD008A5C90 /* ViewController.m */ = {isa = PBXFileReference; lastKnownFileType = sourcecode.c.objc; path = ViewController.m; sourceTree = "<group>"; };
		B450374F22BF69DD008A5C90 /* Base */ = {isa = PBXFileReference; lastKnownFileType = file.storyboard; name = Base; path = Base.lproj/Main.storyboard; sourceTree = "<group>"; };
		B450375122BF69DF008A5C90 /* Assets.xcassets */ = {isa = PBXFileReference; lastKnownFileType = folder.assetcatalog; path = Assets.xcassets; sourceTree = "<group>"; };
		B450375422BF69DF008A5C90 /* Base */ = {isa = PBXFileReference; lastKnownFileType = file.storyboard; name = Base; path = Base.lproj/LaunchScreen.storyboard; sourceTree = "<group>"; };
		B450375622BF69DF008A5C90 /* Info.plist */ = {isa = PBXFileReference; lastKnownFileType = text.plist.xml; path = Info.plist; sourceTree = "<group>"; };
		B450375722BF69DF008A5C90 /* main.m */ = {isa = PBXFileReference; lastKnownFileType = sourcecode.c.objc; path = main.m; sourceTree = "<group>"; };
		B450376B22BFB6FA008A5C90 /* LFPickerViewCell.h */ = {isa = PBXFileReference; fileEncoding = 4; lastKnownFileType = sourcecode.c.h; name = LFPickerViewCell.h; path = PickerViewDemo/LFPickerView/LFPickerViewCell.h; sourceTree = SOURCE_ROOT; };
		B450376C22BFB6FA008A5C90 /* LFPickerView.m */ = {isa = PBXFileReference; fileEncoding = 4; lastKnownFileType = sourcecode.c.objc; name = LFPickerView.m; path = PickerViewDemo/LFPickerView/LFPickerView.m; sourceTree = SOURCE_ROOT; };
		B450376D22BFB6FA008A5C90 /* LFPickerView.h */ = {isa = PBXFileReference; fileEncoding = 4; lastKnownFileType = sourcecode.c.h; name = LFPickerView.h; path = PickerViewDemo/LFPickerView/LFPickerView.h; sourceTree = SOURCE_ROOT; };
		B450376E22BFB6FA008A5C90 /* LFPickerViewCell.m */ = {isa = PBXFileReference; fileEncoding = 4; lastKnownFileType = sourcecode.c.objc; name = LFPickerViewCell.m; path = PickerViewDemo/LFPickerView/LFPickerViewCell.m; sourceTree = SOURCE_ROOT; };
/* End PBXFileReference section */

/* Begin PBXFrameworksBuildPhase section */
		B450374222BF69DD008A5C90 /* Frameworks */ = {
			isa = PBXFrameworksBuildPhase;
			buildActionMask = 2147483647;
			files = (
			);
			runOnlyForDeploymentPostprocessing = 0;
		};
/* End PBXFrameworksBuildPhase section */

/* Begin PBXGroup section */
		B450373C22BF69DD008A5C90 = {
			isa = PBXGroup;
			children = (
				B450374722BF69DD008A5C90 /* PickerViewDemo */,
				B450374622BF69DD008A5C90 /* Products */,
			);
			sourceTree = "<group>";
		};
		B450374622BF69DD008A5C90 /* Products */ = {
			isa = PBXGroup;
			children = (
				B450374522BF69DD008A5C90 /* PickerViewDemo.app */,
			);
			name = Products;
			sourceTree = "<group>";
		};
		B450374722BF69DD008A5C90 /* PickerViewDemo */ = {
			isa = PBXGroup;
			children = (
				B450374822BF69DD008A5C90 /* AppDelegate.h */,
				B450374922BF69DD008A5C90 /* AppDelegate.m */,
				B450374B22BF69DD008A5C90 /* ViewController.h */,
				B450374C22BF69DD008A5C90 /* ViewController.m */,
				B450375E22BF69FB008A5C90 /* LFPickerView */,
				B450374E22BF69DD008A5C90 /* Main.storyboard */,
				B450375122BF69DF008A5C90 /* Assets.xcassets */,
				B450375322BF69DF008A5C90 /* LaunchScreen.storyboard */,
				B450375622BF69DF008A5C90 /* Info.plist */,
				B450375722BF69DF008A5C90 /* main.m */,
			);
			path = PickerViewDemo;
			sourceTree = "<group>";
		};
		B450375E22BF69FB008A5C90 /* LFPickerView */ = {
			isa = PBXGroup;
			children = (
				B450376D22BFB6FA008A5C90 /* LFPickerView.h */,
				B450376C22BFB6FA008A5C90 /* LFPickerView.m */,
				B450376B22BFB6FA008A5C90 /* LFPickerViewCell.h */,
				B450376E22BFB6FA008A5C90 /* LFPickerViewCell.m */,
			);
			name = LFPickerView;
			path = ../../LFPickerViewDemo/LFPickerViewDemo/LFPickerView;
			sourceTree = "<group>";
		};
/* End PBXGroup section */

/* Begin PBXNativeTarget section */
		B450374422BF69DD008A5C90 /* PickerViewDemo */ = {
			isa = PBXNativeTarget;
			buildConfigurationList = B450375B22BF69DF008A5C90 /* Build configuration list for PBXNativeTarget "PickerViewDemo" */;
			buildPhases = (
				B450374122BF69DD008A5C90 /* Sources */,
				B450374222BF69DD008A5C90 /* Frameworks */,
				B450374322BF69DD008A5C90 /* Resources */,
			);
			buildRules = (
			);
			dependencies = (
			);
			name = PickerViewDemo;
			productName = PickerViewDemo;
			productReference = B450374522BF69DD008A5C90 /* PickerViewDemo.app */;
			productType = "com.apple.product-type.application";
		};
/* End PBXNativeTarget section */

/* Begin PBXProject section */
		B450373D22BF69DD008A5C90 /* Project object */ = {
			isa = PBXProject;
			attributes = {
				LastUpgradeCheck = 1020;
				ORGANIZATIONNAME = SealDevelopmentTeam;
				TargetAttributes = {
					B450374422BF69DD008A5C90 = {
						CreatedOnToolsVersion = 10.2.1;
					};
				};
			};
			buildConfigurationList = B450374022BF69DD008A5C90 /* Build configuration list for PBXProject "PickerViewDemo" */;
			compatibilityVersion = "Xcode 9.3";
			developmentRegion = en;
			hasScannedForEncodings = 0;
			knownRegions = (
				en,
				Base,
			);
			mainGroup = B450373C22BF69DD008A5C90;
			productRefGroup = B450374622BF69DD008A5C90 /* Products */;
			projectDirPath = "";
			projectRoot = "";
			targets = (
				B450374422BF69DD008A5C90 /* PickerViewDemo */,
			);
		};
/* End PBXProject section */

/* Begin PBXResourcesBuildPhase section */
		B450374322BF69DD008A5C90 /* Resources */ = {
			isa = PBXResourcesBuildPhase;
			buildActionMask = 2147483647;
			files = (
				B450375522BF69DF008A5C90 /* LaunchScreen.storyboard in Resources */,
				B450375222BF69DF008A5C90 /* Assets.xcassets in Resources */,
				B450375022BF69DD008A5C90 /* Main.storyboard in Resources */,
			);
			runOnlyForDeploymentPostprocessing = 0;
		};
/* End PBXResourcesBuildPhase section */

/* Begin PBXSourcesBuildPhase section */
		B450374122BF69DD008A5C90 /* Sources */ = {
			isa = PBXSourcesBuildPhase;
			buildActionMask = 2147483647;
			files = (
				B450376F22BFB6FA008A5C90 /* LFPickerView.m in Sources */,
				B450374D22BF69DD008A5C90 /* ViewController.m in Sources */,
				B450375822BF69DF008A5C90 /* main.m in Sources */,
				B450377022BFB6FA008A5C90 /* LFPickerViewCell.m in Sources */,
				B450374A22BF69DD008A5C90 /* AppDelegate.m in Sources */,
			);
			runOnlyForDeploymentPostprocessing = 0;
		};
/* End PBXSourcesBuildPhase section */

/* Begin PBXVariantGroup section */
		B450374E22BF69DD008A5C90 /* Main.storyboard */ = {
			isa = PBXVariantGroup;
			children = (
				B450374F22BF69DD008A5C90 /* Base */,
			);
			name = Main.storyboard;
			sourceTree = "<group>";
		};
		B450375322BF69DF008A5C90 /* LaunchScreen.storyboard */ = {
			isa = PBXVariantGroup;
			children = (
				B450375422BF69DF008A5C90 /* Base */,
			);
			name = LaunchScreen.storyboard;
			sourceTree = "<group>";
		};
/* End PBXVariantGroup section */

/* Begin XCBuildConfiguration section */
		B450375922BF69DF008A5C90 /* Debug */ = {
			isa = XCBuildConfiguration;
			buildSettings = {
				ALWAYS_SEARCH_USER_PATHS = NO;
				CLANG_ANALYZER_NONNULL = YES;
				CLANG_ANALYZER_NUMBER_OBJECT_CONVERSION = YES_AGGRESSIVE;
				CLANG_CXX_LANGUAGE_STANDARD = "gnu++14";
				CLANG_CXX_LIBRARY = "libc++";
				CLANG_ENABLE_MODULES = YES;
				CLANG_ENABLE_OBJC_ARC = YES;
				CLANG_ENABLE_OBJC_WEAK = YES;
				CLANG_WARN_BLOCK_CAPTURE_AUTORELEASING = YES;
				CLANG_WARN_BOOL_CONVERSION = YES;
				CLANG_WARN_COMMA = YES;
				CLANG_WARN_CONSTANT_CONVERSION = YES;
				CLANG_WARN_DEPRECATED_OBJC_IMPLEMENTATIONS = YES;
				CLANG_WARN_DIRECT_OBJC_ISA_USAGE = YES_ERROR;
				CLANG_WARN_DOCUMENTATION_COMMENTS = YES;
				CLANG_WARN_EMPTY_BODY = YES;
				CLANG_WARN_ENUM_CONVERSION = YES;
				CLANG_WARN_INFINITE_RECURSION = YES;
				CLANG_WARN_INT_CONVERSION = YES;
				CLANG_WARN_NON_LITERAL_NULL_CONVERSION = YES;
				CLANG_WARN_OBJC_IMPLICIT_RETAIN_SELF = YES;
				CLANG_WARN_OBJC_LITERAL_CONVERSION = YES;
				CLANG_WARN_OBJC_ROOT_CLASS = YES_ERROR;
				CLANG_WARN_RANGE_LOOP_ANALYSIS = YES;
				CLANG_WARN_STRICT_PROTOTYPES = YES;
				CLANG_WARN_SUSPICIOUS_MOVE = YES;
				CLANG_WARN_UNGUARDED_AVAILABILITY = YES_AGGRESSIVE;
				CLANG_WARN_UNREACHABLE_CODE = YES;
				CLANG_WARN__DUPLICATE_METHOD_MATCH = YES;
				CODE_SIGN_IDENTITY = "iPhone Developer";
				COPY_PHASE_STRIP = NO;
				DEBUG_INFORMATION_FORMAT = dwarf;
				ENABLE_STRICT_OBJC_MSGSEND = YES;
				ENABLE_TESTABILITY = YES;
				GCC_C_LANGUAGE_STANDARD = gnu11;
				GCC_DYNAMIC_NO_PIC = NO;
				GCC_NO_COMMON_BLOCKS = YES;
				GCC_OPTIMIZATION_LEVEL = 0;
				GCC_PREPROCESSOR_DEFINITIONS = (
					"DEBUG=1",
					"$(inherited)",
				);
				GCC_WARN_64_TO_32_BIT_CONVERSION = YES;
				GCC_WARN_ABOUT_RETURN_TYPE = YES_ERROR;
				GCC_WARN_UNDECLARED_SELECTOR = YES;
				GCC_WARN_UNINITIALIZED_AUTOS = YES_AGGRESSIVE;
				GCC_WARN_UNUSED_FUNCTION = YES;
				GCC_WARN_UNUSED_VARIABLE = YES;
				IPHONEOS_DEPLOYMENT_TARGET = 12.2;
				MTL_ENABLE_DEBUG_INFO = INCLUDE_SOURCE;
				MTL_FAST_MATH = YES;
				ONLY_ACTIVE_ARCH = YES;
				SDKROOT = iphoneos;
			};
			name = Debug;
		};
		B450375A22BF69DF008A5C90 /* Release */ = {
			isa = XCBuildConfiguration;
			buildSettings = {
				ALWAYS_SEARCH_USER_PATHS = NO;
				CLANG_ANALYZER_NONNULL = YES;
				CLANG_ANALYZER_NUMBER_OBJECT_CONVERSION = YES_AGGRESSIVE;
				CLANG_CXX_LANGUAGE_STANDARD = "gnu++14";
				CLANG_CXX_LIBRARY = "libc++";
				CLANG_ENABLE_MODULES = YES;
				CLANG_ENABLE_OBJC_ARC = YES;
				CLANG_ENABLE_OBJC_WEAK = YES;
				CLANG_WARN_BLOCK_CAPTURE_AUTORELEASING = YES;
				CLANG_WARN_BOOL_CONVERSION = YES;
				CLANG_WARN_COMMA = YES;
				CLANG_WARN_CONSTANT_CONVERSION = YES;
				CLANG_WARN_DEPRECATED_OBJC_IMPLEMENTATIONS = YES;
				CLANG_WARN_DIRECT_OBJC_ISA_USAGE = YES_ERROR;
				CLANG_WARN_DOCUMENTATION_COMMENTS = YES;
				CLANG_WARN_EMPTY_BODY = YES;
				CLANG_WARN_ENUM_CONVERSION = YES;
				CLANG_WARN_INFINITE_RECURSION = YES;
				CLANG_WARN_INT_CONVERSION = YES;
				CLANG_WARN_NON_LITERAL_NULL_CONVERSION = YES;
				CLANG_WARN_OBJC_IMPLICIT_RETAIN_SELF = YES;
				CLANG_WARN_OBJC_LITERAL_CONVERSION = YES;
				CLANG_WARN_OBJC_ROOT_CLASS = YES_ERROR;
				CLANG_WARN_RANGE_LOOP_ANALYSIS = YES;
				CLANG_WARN_STRICT_PROTOTYPES = YES;
				CLANG_WARN_SUSPICIOUS_MOVE = YES;
				CLANG_WARN_UNGUARDED_AVAILABILITY = YES_AGGRESSIVE;
				CLANG_WARN_UNREACHABLE_CODE = YES;
				CLANG_WARN__DUPLICATE_METHOD_MATCH = YES;
				CODE_SIGN_IDENTITY = "iPhone Developer";
				COPY_PHASE_STRIP = NO;
				DEBUG_INFORMATION_FORMAT = "dwarf-with-dsym";
				ENABLE_NS_ASSERTIONS = NO;
				ENABLE_STRICT_OBJC_MSGSEND = YES;
				GCC_C_LANGUAGE_STANDARD = gnu11;
				GCC_NO_COMMON_BLOCKS = YES;
				GCC_WARN_64_TO_32_BIT_CONVERSION = YES;
				GCC_WARN_ABOUT_RETURN_TYPE = YES_ERROR;
				GCC_WARN_UNDECLARED_SELECTOR = YES;
				GCC_WARN_UNINITIALIZED_AUTOS = YES_AGGRESSIVE;
				GCC_WARN_UNUSED_FUNCTION = YES;
				GCC_WARN_UNUSED_VARIABLE = YES;
				IPHONEOS_DEPLOYMENT_TARGET = 12.2;
				MTL_ENABLE_DEBUG_INFO = NO;
				MTL_FAST_MATH = YES;
				SDKROOT = iphoneos;
				VALIDATE_PRODUCT = YES;
			};
			name = Release;
		};
		B450375C22BF69DF008A5C90 /* Debug */ = {
			isa = XCBuildConfiguration;
			buildSettings = {
				ASSETCATALOG_COMPILER_APPICON_NAME = AppIcon;
				CODE_SIGN_STYLE = Automatic;
				DEVELOPMENT_TEAM = VSH7W5Y66V;
				INFOPLIST_FILE = PickerViewDemo/Info.plist;
				LD_RUNPATH_SEARCH_PATHS = (
					"$(inherited)",
					"@executable_path/Frameworks",
				);
				PRODUCT_BUNDLE_IDENTIFIER = com.seal.PickerViewDemo;
				PRODUCT_NAME = "$(TARGET_NAME)";
				TARGETED_DEVICE_FAMILY = "1,2";
			};
			name = Debug;
		};
		B450375D22BF69DF008A5C90 /* Release */ = {
			isa = XCBuildConfiguration;
			buildSettings = {
				ASSETCATALOG_COMPILER_APPICON_NAME = AppIcon;
				CODE_SIGN_STYLE = Automatic;
				DEVELOPMENT_TEAM = VSH7W5Y66V;
				INFOPLIST_FILE = PickerViewDemo/Info.plist;
				LD_RUNPATH_SEARCH_PATHS = (
					"$(inherited)",
					"@executable_path/Frameworks",
				);
				PRODUCT_BUNDLE_IDENTIFIER = com.seal.PickerViewDemo;
				PRODUCT_NAME = "$(TARGET_NAME)";
				TARGETED_DEVICE_FAMILY = "1,2";
			};
			name = Release;
		};
/* End XCBuildConfiguration section */

/* Begin XCConfigurationList section */
		B450374022BF69DD008A5C90 /* Build configuration list for PBXProject "PickerViewDemo" */ = {
			isa = XCConfigurationList;
			buildConfigurations = (
				B450375922BF69DF008A5C90 /* Debug */,
				B450375A22BF69DF008A5C90 /* Release */,
			);
			defaultConfigurationIsVisible = 0;
			defaultConfigurationName = Release;
		};
		B450375B22BF69DF008A5C90 /* Build configuration list for PBXNativeTarget "PickerViewDemo" */ = {
			isa = XCConfigurationList;
			buildConfigurations = (
				B450375C22BF69DF008A5C90 /* Debug */,
				B450375D22BF69DF008A5C90 /* Release */,
			);
			defaultConfigurationIsVisible = 0;
			defaultConfigurationName = Release;
		};
/* End XCConfigurationList section */
	};
	rootObject = B450373D22BF69DD008A5C90 /* Project object */;
}
